
Microsoft Visual Studio Solution File, Format Version 12.00
# Visual Studio Version 16
VisualStudioVersion = 16.0.32413.511
MinimumVisualStudioVersion = 10.0.40219.1
Project("{FAE04EC0-301F-11D3-BF4B-00C04F79EFBC}") = "COM", "COM-pi-pico\COM.csproj", "{3B4F09FF-6740-4EFC-9B63-AD9156F62CCB}"
EndProject
Global
	GlobalSection(SolutionConfigurationPlatforms) = preSolution
		Debug|Any CPU = Debug|Any CPU
		Release|Any CPU = Release|Any CPU
	EndGlobalSection
	GlobalSection(ProjectConfigurationPlatforms) = postSolution
		{3B4F09FF-6740-4EFC-9B63-AD9156F62CCB}.Debug|Any CPU.ActiveCfg = Release|Any CPU
		{3B4F09FF-6740-4EFC-9B63-AD9156F62CCB}.Debug|Any CPU.Build.0 = Release|Any CPU
		{3B4F09FF-6740-4EFC-9B63-AD9156F62CCB}.Release|Any CPU.ActiveCfg = Release|Any CPU
		{3B4F09FF-6740-4EFC-9B63-AD9156F62CCB}.Release|Any CPU.Build.0 = Release|Any CPU
	EndGlobalSection
	GlobalSection(SolutionProperties) = preSolution
		HideSolutionNode = FALSE
	EndGlobalSection
	GlobalSection(ExtensibilityGlobals) = postSolution
		SolutionGuid = {FCFC7E3A-F95B-4667-ABEA-4EB37C9A21E0}
	EndGlobalSection
EndGlobal
